{
  "nodes": {
    "nixCats": {
      "locked": {
        "lastModified": 1764009888,
        "narHash": "sha256-hJekfTiW1792txgRSM4LcHnz1lDSY87LYbsJEn2V378=",
        "owner": "BirdeeHub",
        "repo": "nixCats-nvim",
        "rev": "16ac3281f322ea15d39843829e42a44d22da3715",
        "type": "github"
      },
      "original": {
        "owner": "BirdeeHub",
        "repo": "nixCats-nvim",
        "type": "github"
      }
    },
    "nixpkgs": {
      "locked": {
        "lastModified": 1766201043,
        "narHash": "sha256-eplAP+rorKKd0gNjV3rA6+0WMzb1X1i16F5m5pASnjA=",
        "owner": "nixos",
        "repo": "nixpkgs",
        "rev": "b3aad468604d3e488d627c0b43984eb60e75e782",
        "type": "github"
      },
      "original": {
        "owner": "nixos",
        "ref": "nixos-25.11",
        "repo": "nixpkgs",
        "type": "github"
      }
    },
    "plugins-deadcolumn": {
      "flake": false,
      "locked": {
        "lastModified": 1756951626,
        "narHash": "sha256-uYiq6ZbvbHf5eY5EUW70CamlB7DHMY5CQu2hicoCY5I=",
        "owner": "Bekaboo",
        "repo": "deadcolumn.nvim",
        "rev": "92c86f10bfba2717ca2280e2e759b047135d5288",
        "type": "github"
      },
      "original": {
        "owner": "Bekaboo",
        "repo": "deadcolumn.nvim",
        "rev": "92c86f10bfba2717ca2280e2e759b047135d5288",
        "type": "github"
      }
    },
    "root": {
      "inputs": {
        "nixCats": "nixCats",
        "nixpkgs": "nixpkgs",
        "plugins-deadcolumn": "plugins-deadcolumn"
      }
    }
  },
  "root": "root",
  "version": 7
}
